// !$*UTF8*$!
{
	archiveVersion = 1;
	classes = {
	};
	objectVersion = 50;
	objects = {

/* Begin PBXBuildFile section */
		94106708263C111D000F8F04 /* AppDelegate.swift in Sources */ = {isa = PBXBuildFile; fileRef = 94106707263C111D000F8F04 /* AppDelegate.swift */; };
		9410670A263C111D000F8F04 /* SceneDelegate.swift in Sources */ = {isa = PBXBuildFile; fileRef = 94106709263C111D000F8F04 /* SceneDelegate.swift */; };
		9410670C263C111D000F8F04 /* ViewController.swift in Sources */ = {isa = PBXBuildFile; fileRef = 9410670B263C111D000F8F04 /* ViewController.swift */; };
		9410670F263C111D000F8F04 /* Main.storyboard in Resources */ = {isa = PBXBuildFile; fileRef = 9410670D263C111D000F8F04 /* Main.storyboard */; };
		94106711263C111E000F8F04 /* Assets.xcassets in Resources */ = {isa = PBXBuildFile; fileRef = 94106710263C111E000F8F04 /* Assets.xcassets */; };
		94106714263C111E000F8F04 /* LaunchScreen.storyboard in Resources */ = {isa = PBXBuildFile; fileRef = 94106712263C111E000F8F04 /* LaunchScreen.storyboard */; };
		9410671E263C1C57000F8F04 /* HabitsStore.swift in Sources */ = {isa = PBXBuildFile; fileRef = 9410671D263C1C57000F8F04 /* HabitsStore.swift */; };
		94106722263C1E73000F8F04 /* InfoViewController.swift in Sources */ = {isa = PBXBuildFile; fileRef = 94106721263C1E73000F8F04 /* InfoViewController.swift */; };
		9436621A264D653900643011 /* HabitProgressCollectionViewCell.swift in Sources */ = {isa = PBXBuildFile; fileRef = 94366219264D653900643011 /* HabitProgressCollectionViewCell.swift */; };
		94576316264E7D6A00ADB3B2 /* HabitItemCollectionViewCell.swift in Sources */ = {isa = PBXBuildFile; fileRef = 94576315264E7D6A00ADB3B2 /* HabitItemCollectionViewCell.swift */; };
		94A1371E264BE23A0062C6AE /* HabitsViewController.swift in Sources */ = {isa = PBXBuildFile; fileRef = 94A1371D264BE23A0062C6AE /* HabitsViewController.swift */; };
		94A13720264BEC060062C6AE /* HabitViewController.swift in Sources */ = {isa = PBXBuildFile; fileRef = 94A1371F264BEC060062C6AE /* HabitViewController.swift */; };
		94B701212653FB6E006A93ED /* HabitDetailsViewController.swift in Sources */ = {isa = PBXBuildFile; fileRef = 94B701202653FB6E006A93ED /* HabitDetailsViewController.swift */; };
		94B7012326540D9A006A93ED /* HabitDetailsTableViewCell.swift in Sources */ = {isa = PBXBuildFile; fileRef = 94B7012226540D9A006A93ED /* HabitDetailsTableViewCell.swift */; };
/* End PBXBuildFile section */

/* Begin PBXFileReference section */
		94106704263C111D000F8F04 /* MyHabits.app */ = {isa = PBXFileReference; explicitFileType = wrapper.application; includeInIndex = 0; path = MyHabits.app; sourceTree = BUILT_PRODUCTS_DIR; };
		94106707263C111D000F8F04 /* AppDelegate.swift */ = {isa = PBXFileReference; lastKnownFileType = sourcecode.swift; path = AppDelegate.swift; sourceTree = "<group>"; };
		94106709263C111D000F8F04 /* SceneDelegate.swift */ = {isa = PBXFileReference; lastKnownFileType = sourcecode.swift; path = SceneDelegate.swift; sourceTree = "<group>"; };
		9410670B263C111D000F8F04 /* ViewController.swift */ = {isa = PBXFileReference; lastKnownFileType = sourcecode.swift; path = ViewController.swift; sourceTree = "<group>"; };
		9410670E263C111D000F8F04 /* Base */ = {isa = PBXFileReference; lastKnownFileType = file.storyboard; name = Base; path = Base.lproj/Main.storyboard; sourceTree = "<group>"; };
		94106710263C111E000F8F04 /* Assets.xcassets */ = {isa = PBXFileReference; lastKnownFileType = folder.assetcatalog; path = Assets.xcassets; sourceTree = "<group>"; };
		94106713263C111E000F8F04 /* Base */ = {isa = PBXFileReference; lastKnownFileType = file.storyboard; name = Base; path = Base.lproj/LaunchScreen.storyboard; sourceTree = "<group>"; };
		94106715263C111E000F8F04 /* Info.plist */ = {isa = PBXFileReference; lastKnownFileType = text.plist.xml; path = Info.plist; sourceTree = "<group>"; };
		9410671D263C1C57000F8F04 /* HabitsStore.swift */ = {isa = PBXFileReference; lastKnownFileType = sourcecode.swift; path = HabitsStore.swift; sourceTree = "<group>"; };
		94106721263C1E73000F8F04 /* InfoViewController.swift */ = {isa = PBXFileReference; lastKnownFileType = sourcecode.swift; path = InfoViewController.swift; sourceTree = "<group>"; };
		94366219264D653900643011 /* HabitProgressCollectionViewCell.swift */ = {isa = PBXFileReference; lastKnownFileType = sourcecode.swift; path = HabitProgressCollectionViewCell.swift; sourceTree = "<group>"; };
		94576315264E7D6A00ADB3B2 /* HabitItemCollectionViewCell.swift */ = {isa = PBXFileReference; lastKnownFileType = sourcecode.swift; path = HabitItemCollectionViewCell.swift; sourceTree = "<group>"; };
		94A1371D264BE23A0062C6AE /* HabitsViewController.swift */ = {isa = PBXFileReference; lastKnownFileType = sourcecode.swift; path = HabitsViewController.swift; sourceTree = "<group>"; };
		94A1371F264BEC060062C6AE /* HabitViewController.swift */ = {isa = PBXFileReference; lastKnownFileType = sourcecode.swift; path = HabitViewController.swift; sourceTree = "<group>"; };
		94B701202653FB6E006A93ED /* HabitDetailsViewController.swift */ = {isa = PBXFileReference; lastKnownFileType = sourcecode.swift; path = HabitDetailsViewController.swift; sourceTree = "<group>"; };
		94B7012226540D9A006A93ED /* HabitDetailsTableViewCell.swift */ = {isa = PBXFileReference; lastKnownFileType = sourcecode.swift; path = HabitDetailsTableViewCell.swift; sourceTree = "<group>"; };
/* End PBXFileReference section */

/* Begin PBXFrameworksBuildPhase section */
		94106701263C111D000F8F04 /* Frameworks */ = {
			isa = PBXFrameworksBuildPhase;
			buildActionMask = 2147483647;
			files = (
			);
			runOnlyForDeploymentPostprocessing = 0;
		};
/* End PBXFrameworksBuildPhase section */

/* Begin PBXGroup section */
		941066FB263C111D000F8F04 = {
			isa = PBXGroup;
			children = (
				94106706263C111D000F8F04 /* MyHabits */,
				94106705263C111D000F8F04 /* Products */,
			);
			sourceTree = "<group>";
		};
		94106705263C111D000F8F04 /* Products */ = {
			isa = PBXGroup;
			children = (
				94106704263C111D000F8F04 /* MyHabits.app */,
			);
			name = Products;
			sourceTree = "<group>";
		};
		94106706263C111D000F8F04 /* MyHabits */ = {
			isa = PBXGroup;
			children = (
				94106720263C1CB3000F8F04 /* Habits */,
				9410671F263C1CAB000F8F04 /* Info */,
				94106707263C111D000F8F04 /* AppDelegate.swift */,
				94106709263C111D000F8F04 /* SceneDelegate.swift */,
				9410670B263C111D000F8F04 /* ViewController.swift */,
				9410670D263C111D000F8F04 /* Main.storyboard */,
				9410671D263C1C57000F8F04 /* HabitsStore.swift */,
				94106710263C111E000F8F04 /* Assets.xcassets */,
				94106712263C111E000F8F04 /* LaunchScreen.storyboard */,
				94106715263C111E000F8F04 /* Info.plist */,
			);
			path = MyHabits;
			sourceTree = "<group>";
		};
		9410671F263C1CAB000F8F04 /* Info */ = {
			isa = PBXGroup;
			children = (
				94106721263C1E73000F8F04 /* InfoViewController.swift */,
			);
			path = Info;
			sourceTree = "<group>";
		};
		94106720263C1CB3000F8F04 /* Habits */ = {
			isa = PBXGroup;
			children = (
				94366218264D64E300643011 /* Cells */,
				94A1371D264BE23A0062C6AE /* HabitsViewController.swift */,
				94B701202653FB6E006A93ED /* HabitDetailsViewController.swift */,
				94A1371F264BEC060062C6AE /* HabitViewController.swift */,
			);
			path = Habits;
			sourceTree = "<group>";
		};
		94366218264D64E300643011 /* Cells */ = {
			isa = PBXGroup;
			children = (
				94366219264D653900643011 /* HabitProgressCollectionViewCell.swift */,
				94576315264E7D6A00ADB3B2 /* HabitItemCollectionViewCell.swift */,
				94B7012226540D9A006A93ED /* HabitDetailsTableViewCell.swift */,
			);
			path = Cells;
			sourceTree = "<group>";
		};
/* End PBXGroup section */

/* Begin PBXNativeTarget section */
		94106703263C111D000F8F04 /* MyHabits */ = {
			isa = PBXNativeTarget;
			buildConfigurationList = 94106718263C111E000F8F04 /* Build configuration list for PBXNativeTarget "MyHabits" */;
			buildPhases = (
				94106700263C111D000F8F04 /* Sources */,
				94106701263C111D000F8F04 /* Frameworks */,
				94106702263C111D000F8F04 /* Resources */,
			);
			buildRules = (
			);
			dependencies = (
			);
			name = MyHabits;
			productName = MyHabits;
			productReference = 94106704263C111D000F8F04 /* MyHabits.app */;
			productType = "com.apple.product-type.application";
		};
/* End PBXNativeTarget section */

/* Begin PBXProject section */
		941066FC263C111D000F8F04 /* Project object */ = {
			isa = PBXProject;
			attributes = {
				LastSwiftUpdateCheck = 1250;
				LastUpgradeCheck = 1250;
				TargetAttributes = {
					94106703263C111D000F8F04 = {
						CreatedOnToolsVersion = 12.5;
					};
				};
			};
			buildConfigurationList = 941066FF263C111D000F8F04 /* Build configuration list for PBXProject "MyHabits" */;
			compatibilityVersion = "Xcode 9.3";
			developmentRegion = en;
			hasScannedForEncodings = 0;
			knownRegions = (
				en,
				Base,
			);
			mainGroup = 941066FB263C111D000F8F04;
			productRefGroup = 94106705263C111D000F8F04 /* Products */;
			projectDirPath = "";
			projectRoot = "";
			targets = (
				94106703263C111D000F8F04 /* MyHabits */,
			);
		};
/* End PBXProject section */

/* Begin PBXResourcesBuildPhase section */
		94106702263C111D000F8F04 /* Resources */ = {
			isa = PBXResourcesBuildPhase;
			buildActionMask = 2147483647;
			files = (
				94106714263C111E000F8F04 /* LaunchScreen.storyboard in Resources */,
				94106711263C111E000F8F04 /* Assets.xcassets in Resources */,
				9410670F263C111D000F8F04 /* Main.storyboard in Resources */,
			);
			runOnlyForDeploymentPostprocessing = 0;
		};
/* End PBXResourcesBuildPhase section */

/* Begin PBXSourcesBuildPhase section */
		94106700263C111D000F8F04 /* Sources */ = {
			isa = PBXSourcesBuildPhase;
			buildActionMask = 2147483647;
			files = (
				94576316264E7D6A00ADB3B2 /* HabitItemCollectionViewCell.swift in Sources */,
				9410671E263C1C57000F8F04 /* HabitsStore.swift in Sources */,
				94A1371E264BE23A0062C6AE /* HabitsViewController.swift in Sources */,
				94A13720264BEC060062C6AE /* HabitViewController.swift in Sources */,
				9410670C263C111D000F8F04 /* ViewController.swift in Sources */,
				9436621A264D653900643011 /* HabitProgressCollectionViewCell.swift in Sources */,
				94106708263C111D000F8F04 /* AppDelegate.swift in Sources */,
				9410670A263C111D000F8F04 /* SceneDelegate.swift in Sources */,
				94B701212653FB6E006A93ED /* HabitDetailsViewController.swift in Sources */,
				94B7012326540D9A006A93ED /* HabitDetailsTableViewCell.swift in Sources */,
				94106722263C1E73000F8F04 /* InfoViewController.swift in Sources */,
			);
			runOnlyForDeploymentPostprocessing = 0;
		};
/* End PBXSourcesBuildPhase section */

/* Begin PBXVariantGroup section */
		9410670D263C111D000F8F04 /* Main.storyboard */ = {
			isa = PBXVariantGroup;
			children = (
				9410670E263C111D000F8F04 /* Base */,
			);
			name = Main.storyboard;
			sourceTree = "<group>";
		};
		94106712263C111E000F8F04 /* LaunchScreen.storyboard */ = {
			isa = PBXVariantGroup;
			children = (
				94106713263C111E000F8F04 /* Base */,
			);
			name = LaunchScreen.storyboard;
			sourceTree = "<group>";
		};
/* End PBXVariantGroup section */

/* Begin XCBuildConfiguration section */
		94106716263C111E000F8F04 /* Debug */ = {
			isa = XCBuildConfiguration;
			buildSettings = {
				ALWAYS_SEARCH_USER_PATHS = NO;
				CLANG_ANALYZER_NONNULL = YES;
				CLANG_ANALYZER_NUMBER_OBJECT_CONVERSION = YES_AGGRESSIVE;
				CLANG_CXX_LANGUAGE_STANDARD = "gnu++14";
				CLANG_CXX_LIBRARY = "libc++";
				CLANG_ENABLE_MODULES = YES;
				CLANG_ENABLE_OBJC_ARC = YES;
				CLANG_ENABLE_OBJC_WEAK = YES;
				CLANG_WARN_BLOCK_CAPTURE_AUTORELEASING = YES;
				CLANG_WARN_BOOL_CONVERSION = YES;
				CLANG_WARN_COMMA = YES;
				CLANG_WARN_CONSTANT_CONVERSION = YES;
				CLANG_WARN_DEPRECATED_OBJC_IMPLEMENTATIONS = YES;
				CLANG_WARN_DIRECT_OBJC_ISA_USAGE = YES_ERROR;
				CLANG_WARN_DOCUMENTATION_COMMENTS = YES;
				CLANG_WARN_EMPTY_BODY = YES;
				CLANG_WARN_ENUM_CONVERSION = YES;
				CLANG_WARN_INFINITE_RECURSION = YES;
				CLANG_WARN_INT_CONVERSION = YES;
				CLANG_WARN_NON_LITERAL_NULL_CONVERSION = YES;
				CLANG_WARN_OBJC_IMPLICIT_RETAIN_SELF = YES;
				CLANG_WARN_OBJC_LITERAL_CONVERSION = YES;
				CLANG_WARN_OBJC_ROOT_CLASS = YES_ERROR;
				CLANG_WARN_QUOTED_INCLUDE_IN_FRAMEWORK_HEADER = YES;
				CLANG_WARN_RANGE_LOOP_ANALYSIS = YES;
				CLANG_WARN_STRICT_PROTOTYPES = YES;
				CLANG_WARN_SUSPICIOUS_MOVE = YES;
				CLANG_WARN_UNGUARDED_AVAILABILITY = YES_AGGRESSIVE;
				CLANG_WARN_UNREACHABLE_CODE = YES;
				CLANG_WARN__DUPLICATE_METHOD_MATCH = YES;
				COPY_PHASE_STRIP = NO;
				DEBUG_INFORMATION_FORMAT = dwarf;
				ENABLE_STRICT_OBJC_MSGSEND = YES;
				ENABLE_TESTABILITY = YES;
				GCC_C_LANGUAGE_STANDARD = gnu11;
				GCC_DYNAMIC_NO_PIC = NO;
				GCC_NO_COMMON_BLOCKS = YES;
				GCC_OPTIMIZATION_LEVEL = 0;
				GCC_PREPROCESSOR_DEFINITIONS = (
					"DEBUG=1",
					"$(inherited)",
				);
				GCC_WARN_64_TO_32_BIT_CONVERSION = YES;
				GCC_WARN_ABOUT_RETURN_TYPE = YES_ERROR;
				GCC_WARN_UNDECLARED_SELECTOR = YES;
				GCC_WARN_UNINITIALIZED_AUTOS = YES_AGGRESSIVE;
				GCC_WARN_UNUSED_FUNCTION = YES;
				GCC_WARN_UNUSED_VARIABLE = YES;
				IPHONEOS_DEPLOYMENT_TARGET = 14.5;
				MTL_ENABLE_DEBUG_INFO = INCLUDE_SOURCE;
				MTL_FAST_MATH = YES;
				ONLY_ACTIVE_ARCH = YES;
				SDKROOT = iphoneos;
				SWIFT_ACTIVE_COMPILATION_CONDITIONS = DEBUG;
				SWIFT_OPTIMIZATION_LEVEL = "-Onone";
			};
			name = Debug;
		};
		94106717263C111E000F8F04 /* Release */ = {
			isa = XCBuildConfiguration;
			buildSettings = {
				ALWAYS_SEARCH_USER_PATHS = NO;
				CLANG_ANALYZER_NONNULL = YES;
				CLANG_ANALYZER_NUMBER_OBJECT_CONVERSION = YES_AGGRESSIVE;
				CLANG_CXX_LANGUAGE_STANDARD = "gnu++14";
				CLANG_CXX_LIBRARY = "libc++";
				CLANG_ENABLE_MODULES = YES;
				CLANG_ENABLE_OBJC_ARC = YES;
				CLANG_ENABLE_OBJC_WEAK = YES;
				CLANG_WARN_BLOCK_CAPTURE_AUTORELEASING = YES;
				CLANG_WARN_BOOL_CONVERSION = YES;
				CLANG_WARN_COMMA = YES;
				CLANG_WARN_CONSTANT_CONVERSION = YES;
				CLANG_WARN_DEPRECATED_OBJC_IMPLEMENTATIONS = YES;
				CLANG_WARN_DIRECT_OBJC_ISA_USAGE = YES_ERROR;
				CLANG_WARN_DOCUMENTATION_COMMENTS = YES;
				CLANG_WARN_EMPTY_BODY = YES;
				CLANG_WARN_ENUM_CONVERSION = YES;
				CLANG_WARN_INFINITE_RECURSION = YES;
				CLANG_WARN_INT_CONVERSION = YES;
				CLANG_WARN_NON_LITERAL_NULL_CONVERSION = YES;
				CLANG_WARN_OBJC_IMPLICIT_RETAIN_SELF = YES;
				CLANG_WARN_OBJC_LITERAL_CONVERSION = YES;
				CLANG_WARN_OBJC_ROOT_CLASS = YES_ERROR;
				CLANG_WARN_QUOTED_INCLUDE_IN_FRAMEWORK_HEADER = YES;
				CLANG_WARN_RANGE_LOOP_ANALYSIS = YES;
				CLANG_WARN_STRICT_PROTOTYPES = YES;
				CLANG_WARN_SUSPICIOUS_MOVE = YES;
				CLANG_WARN_UNGUARDED_AVAILABILITY = YES_AGGRESSIVE;
				CLANG_WARN_UNREACHABLE_CODE = YES;
				CLANG_WARN__DUPLICATE_METHOD_MATCH = YES;
				COPY_PHASE_STRIP = NO;
				DEBUG_INFORMATION_FORMAT = "dwarf-with-dsym";
				ENABLE_NS_ASSERTIONS = NO;
				ENABLE_STRICT_OBJC_MSGSEND = YES;
				GCC_C_LANGUAGE_STANDARD = gnu11;
				GCC_NO_COMMON_BLOCKS = YES;
				GCC_WARN_64_TO_32_BIT_CONVERSION = YES;
				GCC_WARN_ABOUT_RETURN_TYPE = YES_ERROR;
				GCC_WARN_UNDECLARED_SELECTOR = YES;
				GCC_WARN_UNINITIALIZED_AUTOS = YES_AGGRESSIVE;
				GCC_WARN_UNUSED_FUNCTION = YES;
				GCC_WARN_UNUSED_VARIABLE = YES;
				IPHONEOS_DEPLOYMENT_TARGET = 14.5;
				MTL_ENABLE_DEBUG_INFO = NO;
				MTL_FAST_MATH = YES;
				SDKROOT = iphoneos;
				SWIFT_COMPILATION_MODE = wholemodule;
				SWIFT_OPTIMIZATION_LEVEL = "-O";
				VALIDATE_PRODUCT = YES;
			};
			name = Release;
		};
		94106719263C111E000F8F04 /* Debug */ = {
			isa = XCBuildConfiguration;
			buildSettings = {
				ASSETCATALOG_COMPILER_APPICON_NAME = AppIcon;
				ASSETCATALOG_COMPILER_GLOBAL_ACCENT_COLOR_NAME = AccentColor;
				CODE_SIGN_STYLE = Automatic;
				INFOPLIST_FILE = MyHabits/Info.plist;
				LD_RUNPATH_SEARCH_PATHS = (
					"$(inherited)",
					"@executable_path/Frameworks",
				);
				PRODUCT_BUNDLE_IDENTIFIER = test.MyHabits;
				PRODUCT_NAME = "$(TARGET_NAME)";
				SWIFT_VERSION = 5.0;
				TARGETED_DEVICE_FAMILY = "1,2";
			};
			name = Debug;
		};
		9410671A263C111E000F8F04 /* Release */ = {
			isa = XCBuildConfiguration;
			buildSettings = {
				ASSETCATALOG_COMPILER_APPICON_NAME = AppIcon;
				ASSETCATALOG_COMPILER_GLOBAL_ACCENT_COLOR_NAME = AccentColor;
				CODE_SIGN_STYLE = Automatic;
				INFOPLIST_FILE = MyHabits/Info.plist;
				LD_RUNPATH_SEARCH_PATHS = (
					"$(inherited)",
					"@executable_path/Frameworks",
				);
				PRODUCT_BUNDLE_IDENTIFIER = test.MyHabits;
				PRODUCT_NAME = "$(TARGET_NAME)";
				SWIFT_VERSION = 5.0;
				TARGETED_DEVICE_FAMILY = "1,2";
			};
			name = Release;
		};
/* End XCBuildConfiguration section */

/* Begin XCConfigurationList section */
		941066FF263C111D000F8F04 /* Build configuration list for PBXProject "MyHabits" */ = {
			isa = XCConfigurationList;
			buildConfigurations = (
				94106716263C111E000F8F04 /* Debug */,
				94106717263C111E000F8F04 /* Release */,
			);
			defaultConfigurationIsVisible = 0;
			defaultConfigurationName = Release;
		};
		94106718263C111E000F8F04 /* Build configuration list for PBXNativeTarget "MyHabits" */ = {
			isa = XCConfigurationList;
			buildConfigurations = (
				94106719263C111E000F8F04 /* Debug */,
				9410671A263C111E000F8F04 /* Release */,
			);
			defaultConfigurationIsVisible = 0;
			defaultConfigurationName = Release;
		};
/* End XCConfigurationList section */
	};
	rootObject = 941066FC263C111D000F8F04 /* Project object */;
}
